// !$*UTF8*$!
{
	archiveVersion = 1;
	classes = {
	};
	objectVersion = 46;
	objects = {

/* Begin PBXBuildFile section */
		540673761AB8B3D9003973A6 /* PlaySoundsViewController.swift in Sources */ = {isa = PBXBuildFile; fileRef = 540673751AB8B3D9003973A6 /* PlaySoundsViewController.swift */; };
		540673781AB8BA78003973A6 /* movie_quote.mp3 in Resources */ = {isa = PBXBuildFile; fileRef = 540673771AB8BA78003973A6 /* movie_quote.mp3 */; };
		542B94F81AE4E0290061A4A2 /* RecordedAudio.swift in Sources */ = {isa = PBXBuildFile; fileRef = 542B94F71AE4E0290061A4A2 /* RecordedAudio.swift */; };
		543FDCA61AAE499C008F15F2 /* AppDelegate.swift in Sources */ = {isa = PBXBuildFile; fileRef = 543FDCA51AAE499C008F15F2 /* AppDelegate.swift */; };
		543FDCA81AAE499C008F15F2 /* RecordSoundsViewController.swift in Sources */ = {isa = PBXBuildFile; fileRef = 543FDCA71AAE499C008F15F2 /* RecordSoundsViewController.swift */; };
		543FDCAD1AAE499C008F15F2 /* Images.xcassets in Resources */ = {isa = PBXBuildFile; fileRef = 543FDCAC1AAE499C008F15F2 /* Images.xcassets */; };
		543FDCB01AAE499C008F15F2 /* LaunchScreen.xib in Resources */ = {isa = PBXBuildFile; fileRef = 543FDCAE1AAE499C008F15F2 /* LaunchScreen.xib */; };
		543FDCBC1AAE499C008F15F2 /* Pitch_PerfectTests.swift in Sources */ = {isa = PBXBuildFile; fileRef = 543FDCBB1AAE499C008F15F2 /* Pitch_PerfectTests.swift */; };
		54D3B7971AE47C9F002971F6 /* Main.storyboard in Resources */ = {isa = PBXBuildFile; fileRef = 54D3B7951AE47C9F002971F6 /* Main.storyboard */; };
/* End PBXBuildFile section */

/* Begin PBXContainerItemProxy section */
		543FDCB61AAE499C008F15F2 /* PBXContainerItemProxy */ = {
			isa = PBXContainerItemProxy;
			containerPortal = 543FDC981AAE499C008F15F2 /* Project object */;
			proxyType = 1;
			remoteGlobalIDString = 543FDC9F1AAE499C008F15F2;
			remoteInfo = "Pitch Perfect";
		};
/* End PBXContainerItemProxy section */

/* Begin PBXFileReference section */
		540673751AB8B3D9003973A6 /* PlaySoundsViewController.swift */ = {isa = PBXFileReference; fileEncoding = 4; lastKnownFileType = sourcecode.swift; path = PlaySoundsViewController.swift; sourceTree = "<group>"; };
		540673771AB8BA78003973A6 /* movie_quote.mp3 */ = {isa = PBXFileReference; lastKnownFileType = audio.mp3; path = movie_quote.mp3; sourceTree = "<group>"; };
		542B94F71AE4E0290061A4A2 /* RecordedAudio.swift */ = {isa = PBXFileReference; fileEncoding = 4; lastKnownFileType = sourcecode.swift; path = RecordedAudio.swift; sourceTree = "<group>"; };
		543FDCA01AAE499C008F15F2 /* Pitch Perfect.app */ = {isa = PBXFileReference; explicitFileType = wrapper.application; includeInIndex = 0; path = "Pitch Perfect.app"; sourceTree = BUILT_PRODUCTS_DIR; };
		543FDCA41AAE499C008F15F2 /* Info.plist */ = {isa = PBXFileReference; lastKnownFileType = text.plist.xml; path = Info.plist; sourceTree = "<group>"; };
		543FDCA51AAE499C008F15F2 /* AppDelegate.swift */ = {isa = PBXFileReference; lastKnownFileType = sourcecode.swift; path = AppDelegate.swift; sourceTree = "<group>"; };
		543FDCA71AAE499C008F15F2 /* RecordSoundsViewController.swift */ = {isa = PBXFileReference; lastKnownFileType = sourcecode.swift; path = RecordSoundsViewController.swift; sourceTree = "<group>"; };
		543FDCAC1AAE499C008F15F2 /* Images.xcassets */ = {isa = PBXFileReference; lastKnownFileType = folder.assetcatalog; path = Images.xcassets; sourceTree = "<group>"; };
		543FDCAF1AAE499C008F15F2 /* Base */ = {isa = PBXFileReference; lastKnownFileType = file.xib; name = Base; path = Base.lproj/LaunchScreen.xib; sourceTree = "<group>"; };
		543FDCB51AAE499C008F15F2 /* Pitch PerfectTests.xctest */ = {isa = PBXFileReference; explicitFileType = wrapper.cfbundle; includeInIndex = 0; path = "Pitch PerfectTests.xctest"; sourceTree = BUILT_PRODUCTS_DIR; };
		543FDCBA1AAE499C008F15F2 /* Info.plist */ = {isa = PBXFileReference; lastKnownFileType = text.plist.xml; path = Info.plist; sourceTree = "<group>"; };
		543FDCBB1AAE499C008F15F2 /* Pitch_PerfectTests.swift */ = {isa = PBXFileReference; lastKnownFileType = sourcecode.swift; path = Pitch_PerfectTests.swift; sourceTree = "<group>"; };
		54D3B7961AE47C9F002971F6 /* Base */ = {isa = PBXFileReference; lastKnownFileType = file.storyboard; name = Base; path = Base.lproj/Main.storyboard; sourceTree = "<group>"; };
/* End PBXFileReference section */

/* Begin PBXFrameworksBuildPhase section */
		543FDC9D1AAE499C008F15F2 /* Frameworks */ = {
			isa = PBXFrameworksBuildPhase;
			buildActionMask = 2147483647;
			files = (
			);
			runOnlyForDeploymentPostprocessing = 0;
		};
		543FDCB21AAE499C008F15F2 /* Frameworks */ = {
			isa = PBXFrameworksBuildPhase;
			buildActionMask = 2147483647;
			files = (
			);
			runOnlyForDeploymentPostprocessing = 0;
		};
/* End PBXFrameworksBuildPhase section */

/* Begin PBXGroup section */
		543FDC971AAE499C008F15F2 = {
			isa = PBXGroup;
			children = (
				543FDCA21AAE499C008F15F2 /* Pitch Perfect */,
				543FDCB81AAE499C008F15F2 /* Pitch PerfectTests */,
				543FDCA11AAE499C008F15F2 /* Products */,
			);
			sourceTree = "<group>";
		};
		543FDCA11AAE499C008F15F2 /* Products */ = {
			isa = PBXGroup;
			children = (
				543FDCA01AAE499C008F15F2 /* Pitch Perfect.app */,
				543FDCB51AAE499C008F15F2 /* Pitch PerfectTests.xctest */,
			);
			name = Products;
			sourceTree = "<group>";
		};
		543FDCA21AAE499C008F15F2 /* Pitch Perfect */ = {
			isa = PBXGroup;
			children = (
				543FDCA51AAE499C008F15F2 /* AppDelegate.swift */,
				543FDCA71AAE499C008F15F2 /* RecordSoundsViewController.swift */,
				542B94F71AE4E0290061A4A2 /* RecordedAudio.swift */,
				54D3B7951AE47C9F002971F6 /* Main.storyboard */,
				540673751AB8B3D9003973A6 /* PlaySoundsViewController.swift */,
				543FDCAC1AAE499C008F15F2 /* Images.xcassets */,
				543FDCAE1AAE499C008F15F2 /* LaunchScreen.xib */,
				543FDCA31AAE499C008F15F2 /* Supporting Files */,
			);
			path = "Pitch Perfect";
			sourceTree = "<group>";
		};
		543FDCA31AAE499C008F15F2 /* Supporting Files */ = {
			isa = PBXGroup;
			children = (
				540673771AB8BA78003973A6 /* movie_quote.mp3 */,
				543FDCA41AAE499C008F15F2 /* Info.plist */,
			);
			name = "Supporting Files";
			sourceTree = "<group>";
		};
		543FDCB81AAE499C008F15F2 /* Pitch PerfectTests */ = {
			isa = PBXGroup;
			children = (
				543FDCBB1AAE499C008F15F2 /* Pitch_PerfectTests.swift */,
				543FDCB91AAE499C008F15F2 /* Supporting Files */,
			);
			path = "Pitch PerfectTests";
			sourceTree = "<group>";
		};
		543FDCB91AAE499C008F15F2 /* Supporting Files */ = {
			isa = PBXGroup;
			children = (
				543FDCBA1AAE499C008F15F2 /* Info.plist */,
			);
			name = "Supporting Files";
			sourceTree = "<group>";
		};
/* End PBXGroup section */

/* Begin PBXNativeTarget section */
		543FDC9F1AAE499C008F15F2 /* Pitch Perfect */ = {
			isa = PBXNativeTarget;
			buildConfigurationList = 543FDCBF1AAE499C008F15F2 /* Build configuration list for PBXNativeTarget "Pitch Perfect" */;
			buildPhases = (
				543FDC9C1AAE499C008F15F2 /* Sources */,
				543FDC9D1AAE499C008F15F2 /* Frameworks */,
				543FDC9E1AAE499C008F15F2 /* Resources */,
			);
			buildRules = (
			);
			dependencies = (
			);
			name = "Pitch Perfect";
			productName = "Pitch Perfect";
			productReference = 543FDCA01AAE499C008F15F2 /* Pitch Perfect.app */;
			productType = "com.apple.product-type.application";
		};
		543FDCB41AAE499C008F15F2 /* Pitch PerfectTests */ = {
			isa = PBXNativeTarget;
			buildConfigurationList = 543FDCC21AAE499C008F15F2 /* Build configuration list for PBXNativeTarget "Pitch PerfectTests" */;
			buildPhases = (
				543FDCB11AAE499C008F15F2 /* Sources */,
				543FDCB21AAE499C008F15F2 /* Frameworks */,
				543FDCB31AAE499C008F15F2 /* Resources */,
			);
			buildRules = (
			);
			dependencies = (
				543FDCB71AAE499C008F15F2 /* PBXTargetDependency */,
			);
			name = "Pitch PerfectTests";
			productName = "Pitch PerfectTests";
			productReference = 543FDCB51AAE499C008F15F2 /* Pitch PerfectTests.xctest */;
			productType = "com.apple.product-type.bundle.unit-test";
		};
/* End PBXNativeTarget section */

/* Begin PBXProject section */
		543FDC981AAE499C008F15F2 /* Project object */ = {
			isa = PBXProject;
			attributes = {
				LastUpgradeCheck = 0610;
				ORGANIZATIONNAME = "AJ Webb";
				TargetAttributes = {
					543FDC9F1AAE499C008F15F2 = {
						CreatedOnToolsVersion = 6.1.1;
					};
					543FDCB41AAE499C008F15F2 = {
						CreatedOnToolsVersion = 6.1.1;
						TestTargetID = 543FDC9F1AAE499C008F15F2;
					};
				};
			};
			buildConfigurationList = 543FDC9B1AAE499C008F15F2 /* Build configuration list for PBXProject "Pitch Perfect" */;
			compatibilityVersion = "Xcode 3.2";
			developmentRegion = English;
			hasScannedForEncodings = 0;
			knownRegions = (
				en,
				Base,
			);
			mainGroup = 543FDC971AAE499C008F15F2;
			productRefGroup = 543FDCA11AAE499C008F15F2 /* Products */;
			projectDirPath = "";
			projectRoot = "";
			targets = (
				543FDC9F1AAE499C008F15F2 /* Pitch Perfect */,
				543FDCB41AAE499C008F15F2 /* Pitch PerfectTests */,
			);
		};
/* End PBXProject section */

/* Begin PBXResourcesBuildPhase section */
		543FDC9E1AAE499C008F15F2 /* Resources */ = {
			isa = PBXResourcesBuildPhase;
			buildActionMask = 2147483647;
			files = (
				543FDCB01AAE499C008F15F2 /* LaunchScreen.xib in Resources */,
				540673781AB8BA78003973A6 /* movie_quote.mp3 in Resources */,
				543FDCAD1AAE499C008F15F2 /* Images.xcassets in Resources */,
				54D3B7971AE47C9F002971F6 /* Main.storyboard in Resources */,
			);
			runOnlyForDeploymentPostprocessing = 0;
		};
		543FDCB31AAE499C008F15F2 /* Resources */ = {
			isa = PBXResourcesBuildPhase;
			buildActionMask = 2147483647;
			files = (
			);
			runOnlyForDeploymentPostprocessing = 0;
		};
/* End PBXResourcesBuildPhase section */

/* Begin PBXSourcesBuildPhase section */
		543FDC9C1AAE499C008F15F2 /* Sources */ = {
			isa = PBXSourcesBuildPhase;
			buildActionMask = 2147483647;
			files = (
				542B94F81AE4E0290061A4A2 /* RecordedAudio.swift in Sources */,
				543FDCA81AAE499C008F15F2 /* RecordSoundsViewController.swift in Sources */,
				540673761AB8B3D9003973A6 /* PlaySoundsViewController.swift in Sources */,
				543FDCA61AAE499C008F15F2 /* AppDelegate.swift in Sources */,
			);
			runOnlyForDeploymentPostprocessing = 0;
		};
		543FDCB11AAE499C008F15F2 /* Sources */ = {
			isa = PBXSourcesBuildPhase;
			buildActionMask = 2147483647;
			files = (
				543FDCBC1AAE499C008F15F2 /* Pitch_PerfectTests.swift in Sources */,
			);
			runOnlyForDeploymentPostprocessing = 0;
		};
/* End PBXSourcesBuildPhase section */

/* Begin PBXTargetDependency section */
		543FDCB71AAE499C008F15F2 /* PBXTargetDependency */ = {
			isa = PBXTargetDependency;
			target = 543FDC9F1AAE499C008F15F2 /* Pitch Perfect */;
			targetProxy = 543FDCB61AAE499C008F15F2 /* PBXContainerItemProxy */;
		};
/* End PBXTargetDependency section */

/* Begin PBXVariantGroup section */
		543FDCAE1AAE499C008F15F2 /* LaunchScreen.xib */ = {
			isa = PBXVariantGroup;
			children = (
				543FDCAF1AAE499C008F15F2 /* Base */,
			);
			name = LaunchScreen.xib;
			sourceTree = "<group>";
		};
		54D3B7951AE47C9F002971F6 /* Main.storyboard */ = {
			isa = PBXVariantGroup;
			children = (
				54D3B7961AE47C9F002971F6 /* Base */,
			);
			name = Main.storyboard;
			sourceTree = "<group>";
		};
/* End PBXVariantGroup section */

/* Begin XCBuildConfiguration section */
		543FDCBD1AAE499C008F15F2 /* Debug */ = {
			isa = XCBuildConfiguration;
			buildSettings = {
				ALWAYS_SEARCH_USER_PATHS = NO;
				CLANG_CXX_LANGUAGE_STANDARD = "gnu++0x";
				CLANG_CXX_LIBRARY = "libc++";
				CLANG_ENABLE_MODULES = YES;
				CLANG_ENABLE_OBJC_ARC = YES;
				CLANG_WARN_BOOL_CONVERSION = YES;
				CLANG_WARN_CONSTANT_CONVERSION = YES;
				CLANG_WARN_DIRECT_OBJC_ISA_USAGE = YES_ERROR;
				CLANG_WARN_EMPTY_BODY = YES;
				CLANG_WARN_ENUM_CONVERSION = YES;
				CLANG_WARN_INT_CONVERSION = YES;
				CLANG_WARN_OBJC_ROOT_CLASS = YES_ERROR;
				CLANG_WARN_UNREACHABLE_CODE = YES;
				CLANG_WARN__DUPLICATE_METHOD_MATCH = YES;
				"CODE_SIGN_IDENTITY[sdk=iphoneos*]" = "iPhone Developer";
				COPY_PHASE_STRIP = NO;
				ENABLE_STRICT_OBJC_MSGSEND = YES;
				GCC_C_LANGUAGE_STANDARD = gnu99;
				GCC_DYNAMIC_NO_PIC = NO;
				GCC_OPTIMIZATION_LEVEL = 0;
				GCC_PREPROCESSOR_DEFINITIONS = (
					"DEBUG=1",
					"$(inherited)",
				);
				GCC_SYMBOLS_PRIVATE_EXTERN = NO;
				GCC_WARN_64_TO_32_BIT_CONVERSION = YES;
				GCC_WARN_ABOUT_RETURN_TYPE = YES_ERROR;
				GCC_WARN_UNDECLARED_SELECTOR = YES;
				GCC_WARN_UNINITIALIZED_AUTOS = YES_AGGRESSIVE;
				GCC_WARN_UNUSED_FUNCTION = YES;
				GCC_WARN_UNUSED_VARIABLE = YES;
				IPHONEOS_DEPLOYMENT_TARGET = 8.1;
				MTL_ENABLE_DEBUG_INFO = YES;
				ONLY_ACTIVE_ARCH = YES;
				SDKROOT = iphoneos;
				SWIFT_OPTIMIZATION_LEVEL = "-Onone";
			};
			name = Debug;
		};
		543FDCBE1AAE499C008F15F2 /* Release */ = {
			isa = XCBuildConfiguration;
			buildSettings = {
				ALWAYS_SEARCH_USER_PATHS = NO;
				CLANG_CXX_LANGUAGE_STANDARD = "gnu++0x";
				CLANG_CXX_LIBRARY = "libc++";
				CLANG_ENABLE_MODULES = YES;
				CLANG_ENABLE_OBJC_ARC = YES;
				CLANG_WARN_BOOL_CONVERSION = YES;
				CLANG_WARN_CONSTANT_CONVERSION = YES;
				CLANG_WARN_DIRECT_OBJC_ISA_USAGE = YES_ERROR;
				CLANG_WARN_EMPTY_BODY = YES;
				CLANG_WARN_ENUM_CONVERSION = YES;
				CLANG_WARN_INT_CONVERSION = YES;
				CLANG_WARN_OBJC_ROOT_CLASS = YES_ERROR;
				CLANG_WARN_UNREACHABLE_CODE = YES;
				CLANG_WARN__DUPLICATE_METHOD_MATCH = YES;
				"CODE_SIGN_IDENTITY[sdk=iphoneos*]" = "iPhone Developer";
				COPY_PHASE_STRIP = YES;
				ENABLE_NS_ASSERTIONS = NO;
				ENABLE_STRICT_OBJC_MSGSEND = YES;
				GCC_C_LANGUAGE_STANDARD = gnu99;
				GCC_WARN_64_TO_32_BIT_CONVERSION = YES;
				GCC_WARN_ABOUT_RETURN_TYPE = YES_ERROR;
				GCC_WARN_UNDECLARED_SELECTOR = YES;
				GCC_WARN_UNINITIALIZED_AUTOS = YES_AGGRESSIVE;
				GCC_WARN_UNUSED_FUNCTION = YES;
				GCC_WARN_UNUSED_VARIABLE = YES;
				IPHONEOS_DEPLOYMENT_TARGET = 8.1;
				MTL_ENABLE_DEBUG_INFO = NO;
				SDKROOT = iphoneos;
				VALIDATE_PRODUCT = YES;
			};
			name = Release;
		};
		543FDCC01AAE499C008F15F2 /* Debug */ = {
			isa = XCBuildConfiguration;
			buildSettings = {
				ASSETCATALOG_COMPILER_APPICON_NAME = AppIcon;
				CODE_SIGN_IDENTITY = "iPhone Developer";
				"CODE_SIGN_IDENTITY[sdk=iphoneos*]" = "iPhone Developer";
				INFOPLIST_FILE = "Pitch Perfect/Info.plist";
				LD_RUNPATH_SEARCH_PATHS = "$(inherited) @executable_path/Frameworks";
				PRODUCT_NAME = "$(TARGET_NAME)";
				PROVISIONING_PROFILE = "";
			};
			name = Debug;
		};
		543FDCC11AAE499C008F15F2 /* Release */ = {
			isa = XCBuildConfiguration;
			buildSettings = {
				ASSETCATALOG_COMPILER_APPICON_NAME = AppIcon;
				CODE_SIGN_IDENTITY = "iPhone Developer";
				"CODE_SIGN_IDENTITY[sdk=iphoneos*]" = "iPhone Developer";
				INFOPLIST_FILE = "Pitch Perfect/Info.plist";
				LD_RUNPATH_SEARCH_PATHS = "$(inherited) @executable_path/Frameworks";
				PRODUCT_NAME = "$(TARGET_NAME)";
				PROVISIONING_PROFILE = "";
			};
			name = Release;
		};
		543FDCC31AAE499C008F15F2 /* Debug */ = {
			isa = XCBuildConfiguration;
			buildSettings = {
				BUNDLE_LOADER = "$(TEST_HOST)";
				FRAMEWORK_SEARCH_PATHS = (
					"$(SDKROOT)/Developer/Library/Frameworks",
					"$(inherited)",
				);
				GCC_PREPROCESSOR_DEFINITIONS = (
					"DEBUG=1",
					"$(inherited)",
				);
				INFOPLIST_FILE = "Pitch PerfectTests/Info.plist";
				LD_RUNPATH_SEARCH_PATHS = "$(inherited) @executable_path/Frameworks @loader_path/Frameworks";
				PRODUCT_NAME = "$(TARGET_NAME)";
				TEST_HOST = "$(BUILT_PRODUCTS_DIR)/Pitch Perfect.app/Pitch Perfect";
			};
			name = Debug;
		};
		543FDCC41AAE499C008F15F2 /* Release */ = {
			isa = XCBuildConfiguration;
			buildSettings = {
				BUNDLE_LOADER = "$(TEST_HOST)";
				FRAMEWORK_SEARCH_PATHS = (
					"$(SDKROOT)/Developer/Library/Frameworks",
					"$(inherited)",
				);
				INFOPLIST_FILE = "Pitch PerfectTests/Info.plist";
				LD_RUNPATH_SEARCH_PATHS = "$(inherited) @executable_path/Frameworks @loader_path/Frameworks";
				PRODUCT_NAME = "$(TARGET_NAME)";
				TEST_HOST = "$(BUILT_PRODUCTS_DIR)/Pitch Perfect.app/Pitch Perfect";
			};
			name = Release;
		};
/* End XCBuildConfiguration section */

/* Begin XCConfigurationList section */
		543FDC9B1AAE499C008F15F2 /* Build configuration list for PBXProject "Pitch Perfect" */ = {
			isa = XCConfigurationList;
			buildConfigurations = (
				543FDCBD1AAE499C008F15F2 /* Debug */,
				543FDCBE1AAE499C008F15F2 /* Release */,
			);
			defaultConfigurationIsVisible = 0;
			defaultConfigurationName = Release;
		};
		543FDCBF1AAE499C008F15F2 /* Build configuration list for PBXNativeTarget "Pitch Perfect" */ = {
			isa = XCConfigurationList;
			buildConfigurations = (
				543FDCC01AAE499C008F15F2 /* Debug */,
				543FDCC11AAE499C008F15F2 /* Release */,
			);
			defaultConfigurationIsVisible = 0;
			defaultConfigurationName = Release;
		};
		543FDCC21AAE499C008F15F2 /* Build configuration list for PBXNativeTarget "Pitch PerfectTests" */ = {
			isa = XCConfigurationList;
			buildConfigurations = (
				543FDCC31AAE499C008F15F2 /* Debug */,
				543FDCC41AAE499C008F15F2 /* Release */,
			);
			defaultConfigurationIsVisible = 0;
			defaultConfigurationName = Release;
		};
/* End XCConfigurationList section */
	};
	rootObject = 543FDC981AAE499C008F15F2 /* Project object */;
}
